name: Profile README Guard (manual only)

# Automatic README rollback disabled on 2 Oct 2026.
# The profile README is now intentionally editable.

on:
  workflow_dispatch:

permissions:
  contents: read

jobs:
  profile-readme-status:
    runs-on: ubuntu-latest
    steps:
      - run: echo "Profile README automatic restore is disabled."